
Microsoft Visual Studio Solution File, Format Version 12.00
# Visual Studio Version 16
VisualStudioVersion = 16.0.34301.259
MinimumVisualStudioVersion = 10.0.40219.1
Project("{FAE04EC0-301F-11D3-BF4B-00C04F79EFBC}") = "Alfréd a jegyző", "Alfréd a jegyző\Alfréd a jegyző.csproj", "{47C7D544-3DB6-4C75-A67C-963B1B128098}"
EndProject
Global
	GlobalSection(SolutionConfigurationPlatforms) = preSolution
		Debug|Any CPU = Debug|Any CPU
		Release|Any CPU = Release|Any CPU
	EndGlobalSection
	GlobalSection(ProjectConfigurationPlatforms) = postSolution
		{47C7D544-3DB6-4C75-A67C-963B1B128098}.Debug|Any CPU.ActiveCfg = Debug|Any CPU
		{47C7D544-3DB6-4C75-A67C-963B1B128098}.Debug|Any CPU.Build.0 = Debug|Any CPU
		{47C7D544-3DB6-4C75-A67C-963B1B128098}.Release|Any CPU.ActiveCfg = Release|Any CPU
		{47C7D544-3DB6-4C75-A67C-963B1B128098}.Release|Any CPU.Build.0 = Release|Any CPU
	EndGlobalSection
	GlobalSection(SolutionProperties) = preSolution
		HideSolutionNode = FALSE
	EndGlobalSection
	GlobalSection(ExtensibilityGlobals) = postSolution
		SolutionGuid = {4709E3A9-CF82-4DC7-B846-8C6F33DF2BFD}
	EndGlobalSection
EndGlobal
